
Microsoft Visual Studio Solution File, Format Version 12.00
# Visual Studio Version 16
VisualStudioVersion = 16.0.30621.155
MinimumVisualStudioVersion = 10.0.40219.1
Project("{FAE04EC0-301F-11D3-BF4B-00C04F79EFBC}") = "Leave-Management", "Leave-Management\Leave-Management.csproj", "{03D6FA63-1FA5-49AE-ACF7-D7EA8081CB4F}"
EndProject
Global
	GlobalSection(SolutionConfigurationPlatforms) = preSolution
		Debug|Any CPU = Debug|Any CPU
		Release|Any CPU = Release|Any CPU
	EndGlobalSection
	GlobalSection(ProjectConfigurationPlatforms) = postSolution
		{03D6FA63-1FA5-49AE-ACF7-D7EA8081CB4F}.Debug|Any CPU.ActiveCfg = Debug|Any CPU
		{03D6FA63-1FA5-49AE-ACF7-D7EA8081CB4F}.Debug|Any CPU.Build.0 = Debug|Any CPU
		{03D6FA63-1FA5-49AE-ACF7-D7EA8081CB4F}.Release|Any CPU.ActiveCfg = Release|Any CPU
		{03D6FA63-1FA5-49AE-ACF7-D7EA8081CB4F}.Release|Any CPU.Build.0 = Release|Any CPU
	EndGlobalSection
	GlobalSection(SolutionProperties) = preSolution
		HideSolutionNode = FALSE
	EndGlobalSection
	GlobalSection(ExtensibilityGlobals) = postSolution
		SolutionGuid = {96A305A5-7ED9-4FD5-A71B-6B864C4C0757}
	EndGlobalSection
EndGlobal
